
Microsoft Visual Studio Solution File, Format Version 12.00
# Visual Studio Version 17
VisualStudioVersion = 17.4.33015.44
MinimumVisualStudioVersion = 10.0.40219.1
Project("{FAE04EC0-301F-11D3-BF4B-00C04F79EFBC}") = "AccuWeather", "AccuWeather.csproj", "{3B5FF20A-E2CD-483B-AD3D-D9DD7BEB4524}"
EndProject
Global
	GlobalSection(SolutionConfigurationPlatforms) = preSolution
		Debug|Any CPU = Debug|Any CPU
		Release|Any CPU = Release|Any CPU
	EndGlobalSection
	GlobalSection(ProjectConfigurationPlatforms) = postSolution
		{3B5FF20A-E2CD-483B-AD3D-D9DD7BEB4524}.Debug|Any CPU.ActiveCfg = Debug|Any CPU
		{3B5FF20A-E2CD-483B-AD3D-D9DD7BEB4524}.Debug|Any CPU.Build.0 = Debug|Any CPU
		{3B5FF20A-E2CD-483B-AD3D-D9DD7BEB4524}.Release|Any CPU.ActiveCfg = Release|Any CPU
		{3B5FF20A-E2CD-483B-AD3D-D9DD7BEB4524}.Release|Any CPU.Build.0 = Release|Any CPU
	EndGlobalSection
	GlobalSection(SolutionProperties) = preSolution
		HideSolutionNode = FALSE
	EndGlobalSection
	GlobalSection(ExtensibilityGlobals) = postSolution
		SolutionGuid = {C2F75EC5-EDD7-4A8E-A382-CC4E9B0E6341}
	EndGlobalSection
EndGlobal
